<?xml version="1.0" encoding="utf-8"?>
<Project ToolsVersion="4.0" xmlns="http://schemas.microsoft.com/developer/msbuild/2003">
  <ItemGroup>
    <Filter Include="Source Files">
      <UniqueIdentifier>{4FC737F1-C7A5-4376-A066-2A32D752A2FF}</UniqueIdentifier>
      <Extensions>cpp;c;cc;cxx;c++;def;odl;idl;hpj;bat;asm;asmx</Extensions>
    </Filter>
    <Filter Include="Header Files">
      <UniqueIdentifier>{93995380-89BD-4b04-88EB-625FBE52EBFB}</UniqueIdentifier>
      <Extensions>h;hh;hpp;hxx;h++;hm;inl;inc;ipp;xsd</Extensions>
    </Filter>
    <Filter Include="Resource Files">
      <UniqueIdentifier>{67DA6AB6-F800-4c08-8B7A-83BB121AAD01}</UniqueIdentifier>
      <Extensions>rc;ico;cur;bmp;dlg;rc2;rct;bin;rgs;gif;jpg;jpeg;jpe;resx;tiff;tif;png;wav;mfcribbon-ms</Extensions>
    </Filter>
    <Filter Include="SourceCode">
      <UniqueIdentifier>{711ab9a6-32d2-475f-bff2-1f9b371a1fc8}</UniqueIdentifier>
    </Filter>
    <Filter Include="Tests">
      <UniqueIdentifier>{ecbe450f-725b-48de-849a-defec998ef82}</UniqueIdentifier>
    </Filter>
    <Filter Include="SourceCode\Header">
      <UniqueIdentifier>{ab22f6d8-9afb-4f9f-8146-7bc84b1e9124}</UniqueIdentifier>
    </Filter>
    <Filter Include="SourceCode\Source">
      <UniqueIdentifier>{33f47821-df59-4258-b5e9-11e9d6db7ee2}</UniqueIdentifier>
    </Filter>
    <Filter Include="SourceCode\Header\MapCreator">
      <UniqueIdentifier>{c7781e0e-649e-4e5b-a27d-a4207e16ba78}</UniqueIdentifier>
    </Filter>
    <Filter Include="SourceCode\Header\Events">
      <UniqueIdentifier>{a7db3a4c-3b84-4472-9584-bebc31d9b690}</UniqueIdentifier>
    </Filter>
    <Filter Include="SourceCode\Header\MotionControl">
      <UniqueIdentifier>{ca330fb1-d593-480d-ac2f-3fbc57b62ce3}</UniqueIdentifier>
    </Filter>
    <Filter Include="SourceCode\Header\ErrorHandling">
      <UniqueIdentifier>{041f55f0-72d6-47e5-9c46-f807d68d51ea}</UniqueIdentifier>
    </Filter>
    <Filter Include="SourceCode\Header\DroneTrack">
      <UniqueIdentifier>{99fc19ed-fad4-40f9-b37d-62c3d07e08ad}</UniqueIdentifier>
    </Filter>
    <Filter Include="SourceCode\Header\QueueManagement">
      <UniqueIdentifier>{238b63dc-5a2e-43aa-8efd-a4c9fd616b1c}</UniqueIdentifier>
    </Filter>
    <Filter Include="SourceCode\Header\Scheduler">
      <UniqueIdentifier>{32bacf60-39e0-4e96-ab79-ba8d19570c35}</UniqueIdentifier>
    </Filter>
    <Filter Include="SourceCode\Source\MapCreator">
      <UniqueIdentifier>{2ec9a5ce-c3b6-44f7-8ef4-d4952725a000}</UniqueIdentifier>
    </Filter>
    <Filter Include="SourceCode\Source\Events">
      <UniqueIdentifier>{57cf2223-3bef-4424-96d3-ebbf057eda46}</UniqueIdentifier>
    </Filter>
    <Filter Include="SourceCode\Source\MotionControl">
      <UniqueIdentifier>{dfac2e2b-3611-4ced-90f9-0249d598ca51}</UniqueIdentifier>
    </Filter>
    <Filter Include="SourceCode\Source\ErrorHandling">
      <UniqueIdentifier>{4aa28287-4f3a-4883-99e2-65f001234926}</UniqueIdentifier>
    </Filter>
    <Filter Include="SourceCode\Source\DroneTrack">
      <UniqueIdentifier>{722d4e4a-0629-4d3c-99f7-e90df9894b0b}</UniqueIdentifier>
    </Filter>
    <Filter Include="SourceCode\Source\Scheduler">
      <UniqueIdentifier>{312be786-2efa-47c3-bf36-30e6c7f5dd54}</UniqueIdentifier>
    </Filter>
    <Filter Include="SourceCode\Source\QueueManagement">
      <UniqueIdentifier>{48cde3eb-45fc-492c-bb28-f75b3e43e045}</UniqueIdentifier>
    </Filter>
    <Filter Include="Tests\MapCreator">
      <UniqueIdentifier>{1f5af206-78fe-4c5a-81ba-5d48b267b183}</UniqueIdentifier>
    </Filter>
    <Filter Include="Tests\Events">
      <UniqueIdentifier>{7166c2e5-24fb-42b0-bfb3-cdaa84ab1c48}</UniqueIdentifier>
    </Filter>
    <Filter Include="Tests\MotionControl">
      <UniqueIdentifier>{741c34b1-e994-479e-a713-c54b876eef28}</UniqueIdentifier>
    </Filter>
    <Filter Include="Tests\ErrorHandling">
      <UniqueIdentifier>{a899e303-8e15-4799-b67e-8162979dcb76}</UniqueIdentifier>
    </Filter>
    <Filter Include="Tests\Dronetrack">
      <UniqueIdentifier>{ac437f6e-5008-47a4-ad9b-f42bb0403232}</UniqueIdentifier>
    </Filter>
    <Filter Include="Tests\Scheduler">
      <UniqueIdentifier>{78dd9a4a-b99e-4960-9e93-e80b982ebf18}</UniqueIdentifier>
    </Filter>
    <Filter Include="Tests\QueueManagement">
      <UniqueIdentifier>{eef18e0e-3f27-404c-8494-d76ba1f755ac}</UniqueIdentifier>
    </Filter>
  </ItemGroup>
  <ItemGroup>
    <ClCompile Include="Master_Slaves_Management.cpp">
      <Filter>Source Files</Filter>
    </ClCompile>
  </ItemGroup>
</Project>