<?xml version="1.0" encoding="utf-8"?>
<Project ToolsVersion="4.0" xmlns="http://schemas.microsoft.com/developer/msbuild/2003">
  <ItemGroup>
    <Filter Include="Source Files">
      <UniqueIdentifier>{4FC737F1-C7A5-4376-A066-2A32D752A2FF}</UniqueIdentifier>
      <Extensions>cpp;c;cc;cxx;c++;cppm;ixx;def;odl;idl;hpj;bat;asm;asmx</Extensions>
    </Filter>
    <Filter Include="Header Files">
      <UniqueIdentifier>{93995380-89BD-4b04-88EB-625FBE52EBFB}</UniqueIdentifier>
      <Extensions>h;hh;hpp;hxx;h++;hm;inl;inc;ipp;xsd</Extensions>
    </Filter>
    <Filter Include="Resource Files">
      <UniqueIdentifier>{67DA6AB6-F800-4c08-8B7A-83BB121AAD01}</UniqueIdentifier>
      <Extensions>rc;ico;cur;bmp;dlg;rc2;rct;bin;rgs;gif;jpg;jpeg;jpe;resx;tiff;tif;png;wav;mfcribbon-ms</Extensions>
    </Filter>
    <Filter Include="Header Files\Scheduler">
      <UniqueIdentifier>{b20d0239-627a-40fd-8024-d27a9a2d16d4}</UniqueIdentifier>
    </Filter>
    <Filter Include="Header Files\QueueManagement">
      <UniqueIdentifier>{4b669563-8986-4cac-853e-1abd64a555be}</UniqueIdentifier>
    </Filter>
    <Filter Include="Header Files\MessageTemplate">
      <UniqueIdentifier>{5abc7a6d-cc57-4248-8f4a-cad8107cd979}</UniqueIdentifier>
    </Filter>
    <Filter Include="Header Files\MapCreator">
      <UniqueIdentifier>{8ed80b61-5055-4d93-8c3a-08b80561996b}</UniqueIdentifier>
    </Filter>
    <Filter Include="Header Files\Events">
      <UniqueIdentifier>{de1c6109-7b18-40f6-8f89-d381b587131c}</UniqueIdentifier>
    </Filter>
    <Filter Include="Header Files\ErrorHandling">
      <UniqueIdentifier>{0ae9744b-6282-493e-ad2f-d357d66768a8}</UniqueIdentifier>
    </Filter>
    <Filter Include="Header Files\DroneTrack">
      <UniqueIdentifier>{1764c271-9c5c-4a6f-b227-e0a07bdc7ed1}</UniqueIdentifier>
    </Filter>
    <Filter Include="Source Files\Scheduler">
      <UniqueIdentifier>{9a06eb0d-c022-44ea-8a24-416979d26775}</UniqueIdentifier>
    </Filter>
    <Filter Include="Source Files\QueueManagement">
      <UniqueIdentifier>{07516357-0d5d-451a-9170-07ee0b00ab4b}</UniqueIdentifier>
    </Filter>
    <Filter Include="Source Files\MessageTemplate">
      <UniqueIdentifier>{5a5067dd-05de-4dcd-8bd1-2d11918fef76}</UniqueIdentifier>
    </Filter>
    <Filter Include="Source Files\MapCreator">
      <UniqueIdentifier>{2545d61d-7afc-411a-a9bd-8d3aa3eb5ab1}</UniqueIdentifier>
    </Filter>
    <Filter Include="Source Files\Events">
      <UniqueIdentifier>{4c344850-495b-4f2a-839e-321bf61a2319}</UniqueIdentifier>
    </Filter>
    <Filter Include="Source Files\ErrorHandling">
      <UniqueIdentifier>{4cd86f2a-8f61-4ea9-a553-d108978e8806}</UniqueIdentifier>
    </Filter>
    <Filter Include="Source Files\DroneTrack">
      <UniqueIdentifier>{1a4030b9-dcbe-41f7-ba4c-e33152d3cbad}</UniqueIdentifier>
    </Filter>
    <Filter Include="Header Files\MotionControl">
      <UniqueIdentifier>{cf2fbcf8-971c-41f5-bfeb-3474b21a3a29}</UniqueIdentifier>
    </Filter>
    <Filter Include="Source Files\MotionControl">
      <UniqueIdentifier>{b55a09fd-d176-4815-9e2a-7dfddcdaff45}</UniqueIdentifier>
    </Filter>
    <Filter Include="Tests">
      <UniqueIdentifier>{dd3c3d29-133a-4b83-babe-b6b09b924c44}</UniqueIdentifier>
    </Filter>
    <Filter Include="Tests\MotionControl">
      <UniqueIdentifier>{b758aa9a-cc80-4476-b51f-f3d01161f9f3}</UniqueIdentifier>
    </Filter>
    <Filter Include="Tests\Scheduler">
      <UniqueIdentifier>{3d42abed-b5be-455d-a15a-c5826865d2cb}</UniqueIdentifier>
    </Filter>
    <Filter Include="Tests\QueueManagement">
      <UniqueIdentifier>{202d300f-116c-4419-8cea-b6d02aae52b5}</UniqueIdentifier>
    </Filter>
    <Filter Include="Tests\MessageTemplate">
      <UniqueIdentifier>{2805de8b-bbd3-4873-b46c-7eb17d3d8938}</UniqueIdentifier>
    </Filter>
    <Filter Include="Tests\MapCreator">
      <UniqueIdentifier>{ad749a31-e0f6-4d82-89a0-74503f80f223}</UniqueIdentifier>
    </Filter>
    <Filter Include="Tests\EventsEvents">
      <UniqueIdentifier>{da1a68d1-ed84-4623-bb57-1634bfd4d739}</UniqueIdentifier>
    </Filter>
    <Filter Include="Tests\ErrorHandlingErrorHandling">
      <UniqueIdentifier>{ddf98228-f41b-490f-a593-30eefc4816fe}</UniqueIdentifier>
    </Filter>
    <Filter Include="Tests\DroneTrack">
      <UniqueIdentifier>{f6f70b8b-925c-4e88-ba6c-fe23e2f7ca14}</UniqueIdentifier>
    </Filter>
  </ItemGroup>
  <ItemGroup>
    <ClInclude Include="mapRequest.h">
      <Filter>Header Files\MessageTemplate</Filter>
    </ClInclude>
    <ClInclude Include="Queue.h">
      <Filter>Header Files\Scheduler</Filter>
    </ClInclude>
    <ClInclude Include="Scheduling.h">
      <Filter>Header Files\Scheduler</Filter>
    </ClInclude>
    <ClInclude Include="dataOfMessage.h">
      <Filter>Header Files\MessageTemplate</Filter>
    </ClInclude>
    <ClInclude Include="event.h">
      <Filter>Header Files\MessageTemplate</Filter>
    </ClInclude>
    <ClInclude Include="ImagefromSlave.h">
      <Filter>Header Files\MessageTemplate</Filter>
    </ClInclude>
    <ClInclude Include="Message.h">
      <Filter>Header Files\MessageTemplate</Filter>
    </ClInclude>
    <ClInclude Include="MessageParams.h">
      <Filter>Header Files\MessageTemplate</Filter>
    </ClInclude>
    <ClInclude Include="MessageType.h">
      <Filter>Header Files\MessageTemplate</Filter>
    </ClInclude>
    <ClInclude Include="PointForSlave.h">
      <Filter>Header Files\MessageTemplate</Filter>
    </ClInclude>
    <ClInclude Include="Priority.h">
      <Filter>Header Files\MessageTemplate</Filter>
    </ClInclude>
    <ClInclude Include="RealImage.h">
      <Filter>Header Files\MessageTemplate</Filter>
    </ClInclude>
    <ClInclude Include="Slave.h">
      <Filter>Header Files\MessageTemplate</Filter>
    </ClInclude>
    <ClInclude Include="SlaveManager.h">
      <Filter>Header Files\MessageTemplate</Filter>
    </ClInclude>
  </ItemGroup>
  <ItemGroup>
    <ClCompile Include="Queue.cpp">
      <Filter>Source Files\Scheduler</Filter>
    </ClCompile>
    <ClCompile Include="Scheduling.cpp">
      <Filter>Source Files\Scheduler</Filter>
    </ClCompile>
    <ClCompile Include="Message.cpp">
      <Filter>Source Files\MessageTemplate</Filter>
    </ClCompile>
    <ClCompile Include="MessageParams.cpp">
      <Filter>Source Files\MessageTemplate</Filter>
    </ClCompile>
  </ItemGroup>
</Project>