<?xml version="1.0" encoding="utf-8"?>
<Project ToolsVersion="4.0" xmlns="http://schemas.microsoft.com/developer/msbuild/2003">
  <ItemGroup>
    <Filter Include="Source Files">
      <UniqueIdentifier>{4FC737F1-C7A5-4376-A066-2A32D752A2FF}</UniqueIdentifier>
      <Extensions>cpp;c;cc;cxx;c++;cppm;ixx;def;odl;idl;hpj;bat;asm;asmx</Extensions>
    </Filter>
    <Filter Include="Header Files">
      <UniqueIdentifier>{93995380-89BD-4b04-88EB-625FBE52EBFB}</UniqueIdentifier>
      <Extensions>h;hh;hpp;hxx;h++;hm;inl;inc;ipp;xsd</Extensions>
    </Filter>
    <Filter Include="Resource Files">
      <UniqueIdentifier>{67DA6AB6-F800-4c08-8B7A-83BB121AAD01}</UniqueIdentifier>
      <Extensions>rc;ico;cur;bmp;dlg;rc2;rct;bin;rgs;gif;jpg;jpeg;jpe;resx;tiff;tif;png;wav;mfcribbon-ms</Extensions>
    </Filter>
    <Filter Include="Header Files\Validation">
      <UniqueIdentifier>{cb473ce1-24d2-4a8c-bcdb-80aa5fb37b0e}</UniqueIdentifier>
    </Filter>
    <Filter Include="Source Files\Validation">
      <UniqueIdentifier>{7e352378-f50c-4b0d-8ed9-a24013b8ca7f}</UniqueIdentifier>
    </Filter>
    <Filter Include="Test">
      <UniqueIdentifier>{b3759107-df86-4c70-b9ae-ec7f4de9b43d}</UniqueIdentifier>
    </Filter>
    <Filter Include="Test\Validation">
      <UniqueIdentifier>{8dfbaf11-f5ef-407c-80bb-48e7fd1f1900}</UniqueIdentifier>
    </Filter>
    <Filter Include="Header Files\Recovery">
      <UniqueIdentifier>{7368165a-d8dc-433f-bf77-0433154e15ee}</UniqueIdentifier>
    </Filter>
    <Filter Include="Source Files\Recovery">
      <UniqueIdentifier>{adbb0fe5-1c25-4569-a38d-d7cc6bb9793a}</UniqueIdentifier>
    </Filter>
    <Filter Include="Test\RecoveryTests">
      <UniqueIdentifier>{b8addc33-cbfa-4570-a96a-2a1c0ff0963e}</UniqueIdentifier>
    </Filter>
  </ItemGroup>
  <ItemGroup>
    <ClCompile Include="communication.cpp">
      <Filter>Source Files</Filter>
    </ClCompile>
    <ClCompile Include="D3Message.cpp">
      <Filter>Source Files</Filter>
    </ClCompile>
    <ClCompile Include="Data.cpp">
      <Filter>Source Files</Filter>
    </ClCompile>
    <ClCompile Include="MatMessage.cpp">
      <Filter>Source Files</Filter>
    </ClCompile>
    <ClCompile Include="Message.cpp">
      <Filter>Source Files</Filter>
    </ClCompile>
    <ClCompile Include="Meta_Data.cpp">
      <Filter>Source Files</Filter>
    </ClCompile>
    <ClCompile Include="VecMessage.cpp">
      <Filter>Source Files</Filter>
    </ClCompile>
    <ClCompile Include="D3Message_test.cpp">
      <Filter>Test</Filter>
    </ClCompile>
    <ClCompile Include="Data_test.cpp">
      <Filter>Test</Filter>
    </ClCompile>
    <ClCompile Include="MatMessage_test.cpp">
      <Filter>Test</Filter>
    </ClCompile>
    <ClCompile Include="VecMessage_test.cpp">
      <Filter>Test</Filter>
    </ClCompile>
    <ClCompile Include="..\Validation\Convert.cpp">
      <Filter>Source Files\Validation</Filter>
    </ClCompile>
    <ClCompile Include="..\Validation\CRCalgoritm.cpp">
      <Filter>Source Files\Validation</Filter>
    </ClCompile>
    <ClCompile Include="..\Validation\D3Validation.cpp">
      <Filter>Source Files\Validation</Filter>
    </ClCompile>
    <ClCompile Include="..\Validation\MatValidation.cpp">
      <Filter>Source Files\Validation</Filter>
    </ClCompile>
    <ClCompile Include="..\Validation\Validation.cpp">
      <Filter>Source Files\Validation</Filter>
    </ClCompile>
    <ClCompile Include="..\Validation\VecValidation.cpp">
      <Filter>Source Files\Validation</Filter>
    </ClCompile>
    <ClCompile Include="..\Validation\Convert_test.cpp">
      <Filter>Test\Validation</Filter>
    </ClCompile>
    <ClCompile Include="..\Validation\CRCalgoritm_test.cpp">
      <Filter>Test\Validation</Filter>
    </ClCompile>
    <ClCompile Include="..\Validation\Validation_test.cpp">
      <Filter>Test\Validation</Filter>
    </ClCompile>
  </ItemGroup>
  <ItemGroup>
    <ClInclude Include="D3Message.h">
      <Filter>Header Files</Filter>
    </ClInclude>
    <ClInclude Include="Data.h">
      <Filter>Header Files</Filter>
    </ClInclude>
    <ClInclude Include="MatMessage.h">
      <Filter>Header Files</Filter>
    </ClInclude>
    <ClInclude Include="Message.h">
      <Filter>Header Files</Filter>
    </ClInclude>
    <ClInclude Include="Meta_Data.h">
      <Filter>Header Files</Filter>
    </ClInclude>
    <ClInclude Include="VecMessage.h">
      <Filter>Header Files</Filter>
    </ClInclude>
    <ClInclude Include="doctest.h">
      <Filter>Test</Filter>
    </ClInclude>
    <ClInclude Include="..\Validation\Convert.h">
      <Filter>Header Files\Validation</Filter>
    </ClInclude>
    <ClInclude Include="..\Validation\CRCalgoritm.h">
      <Filter>Header Files\Validation</Filter>
    </ClInclude>
    <ClInclude Include="..\Validation\D3Validation.h">
      <Filter>Header Files\Validation</Filter>
    </ClInclude>
    <ClInclude Include="..\Validation\MatValidation.h">
      <Filter>Header Files\Validation</Filter>
    </ClInclude>
    <ClInclude Include="..\Validation\Validation.h">
      <Filter>Header Files\Validation</Filter>
    </ClInclude>
    <ClInclude Include="..\Validation\VecValidation.h">
      <Filter>Header Files\Validation</Filter>
    </ClInclude>
    <ClInclude Include="..\Recovery\GaloisField.h">
      <Filter>Header Files\Recovery</Filter>
    </ClInclude>
  </ItemGroup>
</Project>