<?xml version="1.0" encoding="utf-8"?>
<Project ToolsVersion="4.0" xmlns="http://schemas.microsoft.com/developer/msbuild/2003">
  <ItemGroup>
    <Filter Include="Source Files">
      <UniqueIdentifier>{4FC737F1-C7A5-4376-A066-2A32D752A2FF}</UniqueIdentifier>
      <Extensions>cpp;c;cc;cxx;c++;cppm;ixx;def;odl;idl;hpj;bat;asm;asmx</Extensions>
    </Filter>
    <Filter Include="Header Files">
      <UniqueIdentifier>{93995380-89BD-4b04-88EB-625FBE52EBFB}</UniqueIdentifier>
      <Extensions>h;hh;hpp;hxx;h++;hm;inl;inc;ipp;xsd</Extensions>
    </Filter>
    <Filter Include="Resource Files">
      <UniqueIdentifier>{67DA6AB6-F800-4c08-8B7A-83BB121AAD01}</UniqueIdentifier>
      <Extensions>rc;ico;cur;bmp;dlg;rc2;rct;bin;rgs;gif;jpg;jpeg;jpe;resx;tiff;tif;png;wav;mfcribbon-ms</Extensions>
    </Filter>
    <Filter Include="Header Files\Validation">
      <UniqueIdentifier>{cb473ce1-24d2-4a8c-bcdb-80aa5fb37b0e}</UniqueIdentifier>
    </Filter>
    <Filter Include="Source Files\Validation">
      <UniqueIdentifier>{7e352378-f50c-4b0d-8ed9-a24013b8ca7f}</UniqueIdentifier>
    </Filter>
    <Filter Include="Test">
      <UniqueIdentifier>{b3759107-df86-4c70-b9ae-ec7f4de9b43d}</UniqueIdentifier>
    </Filter>
    <Filter Include="Test\Validation">
      <UniqueIdentifier>{8dfbaf11-f5ef-407c-80bb-48e7fd1f1900}</UniqueIdentifier>
    </Filter>
    <Filter Include="Header Files\DataTransferring">
      <UniqueIdentifier>{c3649d93-a798-4637-813c-1fc6d22d2111}</UniqueIdentifier>
    </Filter>
    <Filter Include="Source Files\DataTransferring">
      <UniqueIdentifier>{2ca812b8-2118-48ca-a283-512da5067653}</UniqueIdentifier>
    </Filter>
    <Filter Include="Test\DataTransferring">
      <UniqueIdentifier>{16521998-4719-4cdc-b681-94a69e469f1d}</UniqueIdentifier>
    </Filter>
    <Filter Include="Data_Compression">
      <UniqueIdentifier>{b465e5c8-4282-44c3-a66b-e35902e72adb}</UniqueIdentifier>
    </Filter>
    <Filter Include="Data_Compression\Stracts">
      <UniqueIdentifier>{4329790e-1a52-485e-8dda-8bb0dc1e0e43}</UniqueIdentifier>
    </Filter>
    <Filter Include="Data_Compression\Compression">
      <UniqueIdentifier>{e9e0947c-a1e7-4329-bfde-fa84f45b48cb}</UniqueIdentifier>
    </Filter>
    <Filter Include="Data_Compression\Rescue">
      <UniqueIdentifier>{a5c92dff-586f-4c7b-b1ec-d22c2145a512}</UniqueIdentifier>
    </Filter>
    <Filter Include="Data_Compression\Conversion">
      <UniqueIdentifier>{a3ce8ea8-a561-42de-88bb-764851549aa2}</UniqueIdentifier>
    </Filter>
    <Filter Include="Test\Data_Compression">
      <UniqueIdentifier>{166cc9c0-4864-4121-bb77-f668235ff17f}</UniqueIdentifier>
    </Filter>
  </ItemGroup>
  <ItemGroup>
    <ClCompile Include="D3Message.cpp">
      <Filter>Source Files</Filter>
    </ClCompile>
    <ClCompile Include="MatMessage.cpp">
      <Filter>Source Files</Filter>
    </ClCompile>
    <ClCompile Include="Message.cpp">
      <Filter>Source Files</Filter>
    </ClCompile>
    <ClCompile Include="VecMessage.cpp">
      <Filter>Source Files</Filter>
    </ClCompile>
    <ClCompile Include="D3Message_test.cpp">
      <Filter>Test</Filter>
    </ClCompile>
    <ClCompile Include="MatMessage_test.cpp">
      <Filter>Test</Filter>
    </ClCompile>
    <ClCompile Include="VecMessage_test.cpp">
      <Filter>Test</Filter>
    </ClCompile>
    <ClCompile Include="..\Validation\Convert.cpp">
      <Filter>Source Files\Validation</Filter>
    </ClCompile>
    <ClCompile Include="..\Validation\CRCalgoritm.cpp">
      <Filter>Source Files\Validation</Filter>
    </ClCompile>
    <ClCompile Include="..\Validation\D3Validation.cpp">
      <Filter>Source Files\Validation</Filter>
    </ClCompile>
    <ClCompile Include="..\Validation\MatValidation.cpp">
      <Filter>Source Files\Validation</Filter>
    </ClCompile>
    <ClCompile Include="..\Validation\Validation.cpp">
      <Filter>Source Files\Validation</Filter>
    </ClCompile>
    <ClCompile Include="..\Validation\Convert_test.cpp">
      <Filter>Test\Validation</Filter>
    </ClCompile>
    <ClCompile Include="..\Validation\CRCalgoritm_test.cpp">
      <Filter>Test\Validation</Filter>
    </ClCompile>
    <ClCompile Include="..\Validation\Validation_test.cpp">
      <Filter>Test\Validation</Filter>
    </ClCompile>
    <ClCompile Include="..\Data_transferring\TransferData.cpp">
      <Filter>Source Files\DataTransferring</Filter>
    </ClCompile>
    <ClCompile Include="..\Data_transferring\TransferData_test.cpp">
      <Filter>Test\DataTransferring</Filter>
    </ClCompile>
    <ClCompile Include="..\Data_Comperession\CompressionTests.cpp">
      <Filter>Test\Data_Compression</Filter>
    </ClCompile>
    <ClCompile Include="..\Data_Comperession\RescueTests.cpp">
      <Filter>Test\Data_Compression</Filter>
    </ClCompile>
    <ClCompile Include="..\Data_Comperession\HuffmanCompression.cpp">
      <Filter>Data_Compression\Compression</Filter>
    </ClCompile>
    <ClCompile Include="..\Data_Comperession\HuffmanNode.cpp">
      <Filter>Data_Compression\Stracts</Filter>
    </ClCompile>
    <ClCompile Include="..\Data_Comperession\HuffmanRescue.cpp">
      <Filter>Data_Compression\Rescue</Filter>
    </ClCompile>
    <ClCompile Include="..\Data_Comperession\ImageConversions.cpp">
      <Filter>Data_Compression\Conversion</Filter>
    </ClCompile>
    <ClCompile Include="..\Data_Comperession\ImageConversionTests.cpp">
      <Filter>Test\Data_Compression</Filter>
    </ClCompile>
    <ClCompile Include="Data_test.cpp">
      <Filter>Test</Filter>
    </ClCompile>
    <ClCompile Include="..\Validation\VecValidation.cpp">
      <Filter>Source Files</Filter>
    </ClCompile>
  </ItemGroup>
  <ItemGroup>
    <ClInclude Include="D3Message.h">
      <Filter>Header Files</Filter>
    </ClInclude>
    <ClInclude Include="MatMessage.h">
      <Filter>Header Files</Filter>
    </ClInclude>
    <ClInclude Include="Message.h">
      <Filter>Header Files</Filter>
    </ClInclude>
    <ClInclude Include="VecMessage.h">
      <Filter>Header Files</Filter>
    </ClInclude>
    <ClInclude Include="doctest.h">
      <Filter>Test</Filter>
    </ClInclude>
    <ClInclude Include="..\Validation\Convert.h">
      <Filter>Header Files\Validation</Filter>
    </ClInclude>
    <ClInclude Include="..\Validation\CRCalgoritm.h">
      <Filter>Header Files\Validation</Filter>
    </ClInclude>
    <ClInclude Include="..\Validation\D3Validation.h">
      <Filter>Header Files\Validation</Filter>
    </ClInclude>
    <ClInclude Include="..\Validation\MatValidation.h">
      <Filter>Header Files\Validation</Filter>
    </ClInclude>
    <ClInclude Include="..\Validation\Validation.h">
      <Filter>Header Files\Validation</Filter>
    </ClInclude>
    <ClInclude Include="..\Validation\VecValidation.h">
      <Filter>Header Files\Validation</Filter>
    </ClInclude>
    <ClInclude Include="..\Data_transferring\TransferData.h">
      <Filter>Header Files\DataTransferring</Filter>
    </ClInclude>
    <ClInclude Include="..\Data_Comperession\Data_Compression.h">
      <Filter>Data_Compression\Stracts</Filter>
    </ClInclude>
    <ClInclude Include="..\Data_Comperession\HuffmanCompression.h">
      <Filter>Data_Compression\Compression</Filter>
    </ClInclude>
    <ClInclude Include="..\Data_Comperession\HuffmanNode.h">
      <Filter>Data_Compression\Stracts</Filter>
    </ClInclude>
    <ClInclude Include="..\Data_Comperession\HuffmanRescue.h">
      <Filter>Data_Compression\Rescue</Filter>
    </ClInclude>
    <ClInclude Include="..\Data_Comperession\Image.h">
      <Filter>Data_Compression\Stracts</Filter>
    </ClInclude>
    <ClInclude Include="..\Data_Comperession\ImageConversions.h">
      <Filter>Data_Compression\Conversion</Filter>
    </ClInclude>
    <ClInclude Include="Data.h">
      <Filter>Header Files</Filter>
    </ClInclude>
    <ClInclude Include="Meta_Data.h">
      <Filter>Header Files</Filter>
    </ClInclude>
  </ItemGroup>
</Project>